// !$*UTF8*$!
{
	archiveVersion = 1;
	classes = {
	};
	objectVersion = 56;
	objects = {

/* Begin PBXBuildFile section */
		FDADCEFF2B13879B009AB719 /* LiveTextInteractionDemoApp.swift in Sources */ = {isa = PBXBuildFile; fileRef = FDADCEFE2B13879B009AB719 /* LiveTextInteractionDemoApp.swift */; };
		FDADCF012B13879B009AB719 /* ContentView.swift in Sources */ = {isa = PBXBuildFile; fileRef = FDADCF002B13879B009AB719 /* ContentView.swift */; };
		FDADCF032B13879C009AB719 /* Assets.xcassets in Resources */ = {isa = PBXBuildFile; fileRef = FDADCF022B13879C009AB719 /* Assets.xcassets */; };
		FDADCF062B13879C009AB719 /* Preview Assets.xcassets in Resources */ = {isa = PBXBuildFile; fileRef = FDADCF052B13879C009AB719 /* Preview Assets.xcassets */; };
		FDADCF0E2B1389C4009AB719 /* LiveTextInteractionView.swift in Sources */ = {isa = PBXBuildFile; fileRef = FDADCF0D2B1389C4009AB719 /* LiveTextInteractionView.swift */; };
		FDADCF102B138E05009AB719 /* LiveTextInteraction.swift in Sources */ = {isa = PBXBuildFile; fileRef = FDADCF0F2B138E05009AB719 /* LiveTextInteraction.swift */; };
/* End PBXBuildFile section */

/* Begin PBXFileReference section */
		FDADCEFB2B13879B009AB719 /* LiveTextInteractionDemo.app */ = {isa = PBXFileReference; explicitFileType = wrapper.application; includeInIndex = 0; path = LiveTextInteractionDemo.app; sourceTree = BUILT_PRODUCTS_DIR; };
		FDADCEFE2B13879B009AB719 /* LiveTextInteractionDemoApp.swift */ = {isa = PBXFileReference; lastKnownFileType = sourcecode.swift; path = LiveTextInteractionDemoApp.swift; sourceTree = "<group>"; };
		FDADCF002B13879B009AB719 /* ContentView.swift */ = {isa = PBXFileReference; lastKnownFileType = sourcecode.swift; path = ContentView.swift; sourceTree = "<group>"; };
		FDADCF022B13879C009AB719 /* Assets.xcassets */ = {isa = PBXFileReference; lastKnownFileType = folder.assetcatalog; path = Assets.xcassets; sourceTree = "<group>"; };
		FDADCF052B13879C009AB719 /* Preview Assets.xcassets */ = {isa = PBXFileReference; lastKnownFileType = folder.assetcatalog; path = "Preview Assets.xcassets"; sourceTree = "<group>"; };
		FDADCF0D2B1389C4009AB719 /* LiveTextInteractionView.swift */ = {isa = PBXFileReference; lastKnownFileType = sourcecode.swift; path = LiveTextInteractionView.swift; sourceTree = "<group>"; };
		FDADCF0F2B138E05009AB719 /* LiveTextInteraction.swift */ = {isa = PBXFileReference; lastKnownFileType = sourcecode.swift; path = LiveTextInteraction.swift; sourceTree = "<group>"; };
/* End PBXFileReference section */

/* Begin PBXFrameworksBuildPhase section */
		FDADCEF82B13879B009AB719 /* Frameworks */ = {
			isa = PBXFrameworksBuildPhase;
			buildActionMask = 2147483647;
			files = (
			);
			runOnlyForDeploymentPostprocessing = 0;
		};
/* End PBXFrameworksBuildPhase section */

/* Begin PBXGroup section */
		FDADCEF22B13879B009AB719 = {
			isa = PBXGroup;
			children = (
				FDADCEFD2B13879B009AB719 /* LiveTextInteractionDemo */,
				FDADCEFC2B13879B009AB719 /* Products */,
			);
			sourceTree = "<group>";
		};
		FDADCEFC2B13879B009AB719 /* Products */ = {
			isa = PBXGroup;
			children = (
				FDADCEFB2B13879B009AB719 /* LiveTextInteractionDemo.app */,
			);
			name = Products;
			sourceTree = "<group>";
		};
		FDADCEFD2B13879B009AB719 /* LiveTextInteractionDemo */ = {
			isa = PBXGroup;
			children = (
				FDADCEFE2B13879B009AB719 /* LiveTextInteractionDemoApp.swift */,
				FDADCF0C2B1389B3009AB719 /* View */,
				FDADCF022B13879C009AB719 /* Assets.xcassets */,
				FDADCF042B13879C009AB719 /* Preview Content */,
			);
			path = LiveTextInteractionDemo;
			sourceTree = "<group>";
		};
		FDADCF042B13879C009AB719 /* Preview Content */ = {
			isa = PBXGroup;
			children = (
				FDADCF052B13879C009AB719 /* Preview Assets.xcassets */,
			);
			path = "Preview Content";
			sourceTree = "<group>";
		};
		FDADCF0C2B1389B3009AB719 /* View */ = {
			isa = PBXGroup;
			children = (
				FDADCF002B13879B009AB719 /* ContentView.swift */,
				FDADCF0D2B1389C4009AB719 /* LiveTextInteractionView.swift */,
				FDADCF0F2B138E05009AB719 /* LiveTextInteraction.swift */,
			);
			path = View;
			sourceTree = "<group>";
		};
/* End PBXGroup section */

/* Begin PBXNativeTarget section */
		FDADCEFA2B13879B009AB719 /* LiveTextInteractionDemo */ = {
			isa = PBXNativeTarget;
			buildConfigurationList = FDADCF092B13879C009AB719 /* Build configuration list for PBXNativeTarget "LiveTextInteractionDemo" */;
			buildPhases = (
				FDADCEF72B13879B009AB719 /* Sources */,
				FDADCEF82B13879B009AB719 /* Frameworks */,
				FDADCEF92B13879B009AB719 /* Resources */,
			);
			buildRules = (
			);
			dependencies = (
			);
			name = LiveTextInteractionDemo;
			productName = LiveTextInteractionDemo;
			productReference = FDADCEFB2B13879B009AB719 /* LiveTextInteractionDemo.app */;
			productType = "com.apple.product-type.application";
		};
/* End PBXNativeTarget section */

/* Begin PBXProject section */
		FDADCEF32B13879B009AB719 /* Project object */ = {
			isa = PBXProject;
			attributes = {
				BuildIndependentTargetsInParallel = 1;
				LastSwiftUpdateCheck = 1500;
				LastUpgradeCheck = 1500;
				TargetAttributes = {
					FDADCEFA2B13879B009AB719 = {
						CreatedOnToolsVersion = 15.0.1;
					};
				};
			};
			buildConfigurationList = FDADCEF62B13879B009AB719 /* Build configuration list for PBXProject "LiveTextInteractionDemo" */;
			compatibilityVersion = "Xcode 14.0";
			developmentRegion = en;
			hasScannedForEncodings = 0;
			knownRegions = (
				en,
				Base,
			);
			mainGroup = FDADCEF22B13879B009AB719;
			productRefGroup = FDADCEFC2B13879B009AB719 /* Products */;
			projectDirPath = "";
			projectRoot = "";
			targets = (
				FDADCEFA2B13879B009AB719 /* LiveTextInteractionDemo */,
			);
		};
/* End PBXProject section */

/* Begin PBXResourcesBuildPhase section */
		FDADCEF92B13879B009AB719 /* Resources */ = {
			isa = PBXResourcesBuildPhase;
			buildActionMask = 2147483647;
			files = (
				FDADCF062B13879C009AB719 /* Preview Assets.xcassets in Resources */,
				FDADCF032B13879C009AB719 /* Assets.xcassets in Resources */,
			);
			runOnlyForDeploymentPostprocessing = 0;
		};
/* End PBXResourcesBuildPhase section */

/* Begin PBXSourcesBuildPhase section */
		FDADCEF72B13879B009AB719 /* Sources */ = {
			isa = PBXSourcesBuildPhase;
			buildActionMask = 2147483647;
			files = (
				FDADCF012B13879B009AB719 /* ContentView.swift in Sources */,
				FDADCF102B138E05009AB719 /* LiveTextInteraction.swift in Sources */,
				FDADCEFF2B13879B009AB719 /* LiveTextInteractionDemoApp.swift in Sources */,
				FDADCF0E2B1389C4009AB719 /* LiveTextInteractionView.swift in Sources */,
			);
			runOnlyForDeploymentPostprocessing = 0;
		};
/* End PBXSourcesBuildPhase section */

/* Begin XCBuildConfiguration section */
		FDADCF072B13879C009AB719 /* Debug */ = {
			isa = XCBuildConfiguration;
			buildSettings = {
				ALWAYS_SEARCH_USER_PATHS = NO;
				ASSETCATALOG_COMPILER_GENERATE_SWIFT_ASSET_SYMBOL_EXTENSIONS = YES;
				CLANG_ANALYZER_NONNULL = YES;
				CLANG_ANALYZER_NUMBER_OBJECT_CONVERSION = YES_AGGRESSIVE;
				CLANG_CXX_LANGUAGE_STANDARD = "gnu++20";
				CLANG_ENABLE_MODULES = YES;
				CLANG_ENABLE_OBJC_ARC = YES;
				CLANG_ENABLE_OBJC_WEAK = YES;
				CLANG_WARN_BLOCK_CAPTURE_AUTORELEASING = YES;
				CLANG_WARN_BOOL_CONVERSION = YES;
				CLANG_WARN_COMMA = YES;
				CLANG_WARN_CONSTANT_CONVERSION = YES;
				CLANG_WARN_DEPRECATED_OBJC_IMPLEMENTATIONS = YES;
				CLANG_WARN_DIRECT_OBJC_ISA_USAGE = YES_ERROR;
				CLANG_WARN_DOCUMENTATION_COMMENTS = YES;
				CLANG_WARN_EMPTY_BODY = YES;
				CLANG_WARN_ENUM_CONVERSION = YES;
				CLANG_WARN_INFINITE_RECURSION = YES;
				CLANG_WARN_INT_CONVERSION = YES;
				CLANG_WARN_NON_LITERAL_NULL_CONVERSION = YES;
				CLANG_WARN_OBJC_IMPLICIT_RETAIN_SELF = YES;
				CLANG_WARN_OBJC_LITERAL_CONVERSION = YES;
				CLANG_WARN_OBJC_ROOT_CLASS = YES_ERROR;
				CLANG_WARN_QUOTED_INCLUDE_IN_FRAMEWORK_HEADER = YES;
				CLANG_WARN_RANGE_LOOP_ANALYSIS = YES;
				CLANG_WARN_STRICT_PROTOTYPES = YES;
				CLANG_WARN_SUSPICIOUS_MOVE = YES;
				CLANG_WARN_UNGUARDED_AVAILABILITY = YES_AGGRESSIVE;
				CLANG_WARN_UNREACHABLE_CODE = YES;
				CLANG_WARN__DUPLICATE_METHOD_MATCH = YES;
				COPY_PHASE_STRIP = NO;
				DEBUG_INFORMATION_FORMAT = dwarf;
				ENABLE_STRICT_OBJC_MSGSEND = YES;
				ENABLE_TESTABILITY = YES;
				ENABLE_USER_SCRIPT_SANDBOXING = YES;
				GCC_C_LANGUAGE_STANDARD = gnu17;
				GCC_DYNAMIC_NO_PIC = NO;
				GCC_NO_COMMON_BLOCKS = YES;
				GCC_OPTIMIZATION_LEVEL = 0;
				GCC_PREPROCESSOR_DEFINITIONS = (
					"DEBUG=1",
					"$(inherited)",
				);
				GCC_WARN_64_TO_32_BIT_CONVERSION = YES;
				GCC_WARN_ABOUT_RETURN_TYPE = YES_ERROR;
				GCC_WARN_UNDECLARED_SELECTOR = YES;
				GCC_WARN_UNINITIALIZED_AUTOS = YES_AGGRESSIVE;
				GCC_WARN_UNUSED_FUNCTION = YES;
				GCC_WARN_UNUSED_VARIABLE = YES;
				IPHONEOS_DEPLOYMENT_TARGET = 17.0;
				LOCALIZATION_PREFERS_STRING_CATALOGS = YES;
				MTL_ENABLE_DEBUG_INFO = INCLUDE_SOURCE;
				MTL_FAST_MATH = YES;
				ONLY_ACTIVE_ARCH = YES;
				SDKROOT = iphoneos;
				SWIFT_ACTIVE_COMPILATION_CONDITIONS = "DEBUG $(inherited)";
				SWIFT_OPTIMIZATION_LEVEL = "-Onone";
			};
			name = Debug;
		};
		FDADCF082B13879C009AB719 /* Release */ = {
			isa = XCBuildConfiguration;
			buildSettings = {
				ALWAYS_SEARCH_USER_PATHS = NO;
				ASSETCATALOG_COMPILER_GENERATE_SWIFT_ASSET_SYMBOL_EXTENSIONS = YES;
				CLANG_ANALYZER_NONNULL = YES;
				CLANG_ANALYZER_NUMBER_OBJECT_CONVERSION = YES_AGGRESSIVE;
				CLANG_CXX_LANGUAGE_STANDARD = "gnu++20";
				CLANG_ENABLE_MODULES = YES;
				CLANG_ENABLE_OBJC_ARC = YES;
				CLANG_ENABLE_OBJC_WEAK = YES;
				CLANG_WARN_BLOCK_CAPTURE_AUTORELEASING = YES;
				CLANG_WARN_BOOL_CONVERSION = YES;
				CLANG_WARN_COMMA = YES;
				CLANG_WARN_CONSTANT_CONVERSION = YES;
				CLANG_WARN_DEPRECATED_OBJC_IMPLEMENTATIONS = YES;
				CLANG_WARN_DIRECT_OBJC_ISA_USAGE = YES_ERROR;
				CLANG_WARN_DOCUMENTATION_COMMENTS = YES;
				CLANG_WARN_EMPTY_BODY = YES;
				CLANG_WARN_ENUM_CONVERSION = YES;
				CLANG_WARN_INFINITE_RECURSION = YES;
				CLANG_WARN_INT_CONVERSION = YES;
				CLANG_WARN_NON_LITERAL_NULL_CONVERSION = YES;
				CLANG_WARN_OBJC_IMPLICIT_RETAIN_SELF = YES;
				CLANG_WARN_OBJC_LITERAL_CONVERSION = YES;
				CLANG_WARN_OBJC_ROOT_CLASS = YES_ERROR;
				CLANG_WARN_QUOTED_INCLUDE_IN_FRAMEWORK_HEADER = YES;
				CLANG_WARN_RANGE_LOOP_ANALYSIS = YES;
				CLANG_WARN_STRICT_PROTOTYPES = YES;
				CLANG_WARN_SUSPICIOUS_MOVE = YES;
				CLANG_WARN_UNGUARDED_AVAILABILITY = YES_AGGRESSIVE;
				CLANG_WARN_UNREACHABLE_CODE = YES;
				CLANG_WARN__DUPLICATE_METHOD_MATCH = YES;
				COPY_PHASE_STRIP = NO;
				DEBUG_INFORMATION_FORMAT = "dwarf-with-dsym";
				ENABLE_NS_ASSERTIONS = NO;
				ENABLE_STRICT_OBJC_MSGSEND = YES;
				ENABLE_USER_SCRIPT_SANDBOXING = YES;
				GCC_C_LANGUAGE_STANDARD = gnu17;
				GCC_NO_COMMON_BLOCKS = YES;
				GCC_WARN_64_TO_32_BIT_CONVERSION = YES;
				GCC_WARN_ABOUT_RETURN_TYPE = YES_ERROR;
				GCC_WARN_UNDECLARED_SELECTOR = YES;
				GCC_WARN_UNINITIALIZED_AUTOS = YES_AGGRESSIVE;
				GCC_WARN_UNUSED_FUNCTION = YES;
				GCC_WARN_UNUSED_VARIABLE = YES;
				IPHONEOS_DEPLOYMENT_TARGET = 17.0;
				LOCALIZATION_PREFERS_STRING_CATALOGS = YES;
				MTL_ENABLE_DEBUG_INFO = NO;
				MTL_FAST_MATH = YES;
				SDKROOT = iphoneos;
				SWIFT_COMPILATION_MODE = wholemodule;
				VALIDATE_PRODUCT = YES;
			};
			name = Release;
		};
		FDADCF0A2B13879C009AB719 /* Debug */ = {
			isa = XCBuildConfiguration;
			buildSettings = {
				ASSETCATALOG_COMPILER_APPICON_NAME = AppIcon;
				ASSETCATALOG_COMPILER_GLOBAL_ACCENT_COLOR_NAME = AccentColor;
				CODE_SIGN_STYLE = Automatic;
				CURRENT_PROJECT_VERSION = 1;
				DEVELOPMENT_ASSET_PATHS = "\"LiveTextInteractionDemo/Preview Content\"";
				DEVELOPMENT_TEAM = 73KCV296Q9;
				ENABLE_PREVIEWS = YES;
				GENERATE_INFOPLIST_FILE = YES;
				INFOPLIST_KEY_UIApplicationSceneManifest_Generation = YES;
				INFOPLIST_KEY_UIApplicationSupportsIndirectInputEvents = YES;
				INFOPLIST_KEY_UILaunchScreen_Generation = YES;
				INFOPLIST_KEY_UISupportedInterfaceOrientations_iPad = "UIInterfaceOrientationPortrait UIInterfaceOrientationPortraitUpsideDown UIInterfaceOrientationLandscapeLeft UIInterfaceOrientationLandscapeRight";
				INFOPLIST_KEY_UISupportedInterfaceOrientations_iPhone = "UIInterfaceOrientationPortrait UIInterfaceOrientationLandscapeLeft UIInterfaceOrientationLandscapeRight";
				LD_RUNPATH_SEARCH_PATHS = (
					"$(inherited)",
					"@executable_path/Frameworks",
				);
				MARKETING_VERSION = 1.0;
				PRODUCT_BUNDLE_IDENTIFIER = com.rehnuma.LiveTextInteractionDemo;
				PRODUCT_NAME = "$(TARGET_NAME)";
				SWIFT_EMIT_LOC_STRINGS = YES;
				SWIFT_VERSION = 5.0;
				TARGETED_DEVICE_FAMILY = "1,2";
			};
			name = Debug;
		};
		FDADCF0B2B13879C009AB719 /* Release */ = {
			isa = XCBuildConfiguration;
			buildSettings = {
				ASSETCATALOG_COMPILER_APPICON_NAME = AppIcon;
				ASSETCATALOG_COMPILER_GLOBAL_ACCENT_COLOR_NAME = AccentColor;
				CODE_SIGN_STYLE = Automatic;
				CURRENT_PROJECT_VERSION = 1;
				DEVELOPMENT_ASSET_PATHS = "\"LiveTextInteractionDemo/Preview Content\"";
				DEVELOPMENT_TEAM = 73KCV296Q9;
				ENABLE_PREVIEWS = YES;
				GENERATE_INFOPLIST_FILE = YES;
				INFOPLIST_KEY_UIApplicationSceneManifest_Generation = YES;
				INFOPLIST_KEY_UIApplicationSupportsIndirectInputEvents = YES;
				INFOPLIST_KEY_UILaunchScreen_Generation = YES;
				INFOPLIST_KEY_UISupportedInterfaceOrientations_iPad = "UIInterfaceOrientationPortrait UIInterfaceOrientationPortraitUpsideDown UIInterfaceOrientationLandscapeLeft UIInterfaceOrientationLandscapeRight";
				INFOPLIST_KEY_UISupportedInterfaceOrientations_iPhone = "UIInterfaceOrientationPortrait UIInterfaceOrientationLandscapeLeft UIInterfaceOrientationLandscapeRight";
				LD_RUNPATH_SEARCH_PATHS = (
					"$(inherited)",
					"@executable_path/Frameworks",
				);
				MARKETING_VERSION = 1.0;
				PRODUCT_BUNDLE_IDENTIFIER = com.rehnuma.LiveTextInteractionDemo;
				PRODUCT_NAME = "$(TARGET_NAME)";
				SWIFT_EMIT_LOC_STRINGS = YES;
				SWIFT_VERSION = 5.0;
				TARGETED_DEVICE_FAMILY = "1,2";
			};
			name = Release;
		};
/* End XCBuildConfiguration section */

/* Begin XCConfigurationList section */
		FDADCEF62B13879B009AB719 /* Build configuration list for PBXProject "LiveTextInteractionDemo" */ = {
			isa = XCConfigurationList;
			buildConfigurations = (
				FDADCF072B13879C009AB719 /* Debug */,
				FDADCF082B13879C009AB719 /* Release */,
			);
			defaultConfigurationIsVisible = 0;
			defaultConfigurationName = Release;
		};
		FDADCF092B13879C009AB719 /* Build configuration list for PBXNativeTarget "LiveTextInteractionDemo" */ = {
			isa = XCConfigurationList;
			buildConfigurations = (
				FDADCF0A2B13879C009AB719 /* Debug */,
				FDADCF0B2B13879C009AB719 /* Release */,
			);
			defaultConfigurationIsVisible = 0;
			defaultConfigurationName = Release;
		};
/* End XCConfigurationList section */
	};
	rootObject = FDADCEF32B13879B009AB719 /* Project object */;
}
